
Microsoft Visual Studio Solution File, Format Version 12.00
# Visual Studio Version 17
VisualStudioVersion = 17.5.002.0
MinimumVisualStudioVersion = 10.0.40219.1
Project("{9A19103F-16F7-4668-BE54-9A1E7A4F7556}") = "SysTrace", "SysTrace\SysTrace.csproj", "{DC77B566-4537-4485-9FCF-E3D2FED48B61}"
EndProject
Global
	GlobalSection(SolutionConfigurationPlatforms) = preSolution
		Debug|Any CPU = Debug|Any CPU
		Release|Any CPU = Release|Any CPU
	EndGlobalSection
	GlobalSection(ProjectConfigurationPlatforms) = postSolution
		{DC77B566-4537-4485-9FCF-E3D2FED48B61}.Debug|Any CPU.ActiveCfg = Debug|Any CPU
		{DC77B566-4537-4485-9FCF-E3D2FED48B61}.Debug|Any CPU.Build.0 = Debug|Any CPU
		{DC77B566-4537-4485-9FCF-E3D2FED48B61}.Release|Any CPU.ActiveCfg = Release|Any CPU
		{DC77B566-4537-4485-9FCF-E3D2FED48B61}.Release|Any CPU.Build.0 = Release|Any CPU
	EndGlobalSection
	GlobalSection(SolutionProperties) = preSolution
		HideSolutionNode = FALSE
	EndGlobalSection
	GlobalSection(ExtensibilityGlobals) = postSolution
		SolutionGuid = {074C4F6D-5863-44DE-AE40-C391D1870A0F}
	EndGlobalSection
EndGlobal
